
Microsoft Visual Studio Solution File, Format Version 11.00
# Visual Studio 2010
Project("{FAE04EC0-301F-11D3-BF4B-00C04F79EFBC}") = "DynamicRest", "DynamicRest\DynamicRest.csproj", "{6761F94D-EFCD-49C7-9E8E-ECBCA014FF63}"
EndProject
Project("{FAE04EC0-301F-11D3-BF4B-00C04F79EFBC}") = "Samples", "Samples\Samples.csproj", "{6761F94D-EFCD-49C7-9E8E-ECBCA014FF64}"
EndProject
Global
	GlobalSection(SolutionConfigurationPlatforms) = preSolution
		Debug|Any CPU = Debug|Any CPU
		Release|Any CPU = Release|Any CPU
	EndGlobalSection
	GlobalSection(ProjectConfigurationPlatforms) = postSolution
		{6761F94D-EFCD-49C7-9E8E-ECBCA014FF63}.Debug|Any CPU.ActiveCfg = Debug|Any CPU
		{6761F94D-EFCD-49C7-9E8E-ECBCA014FF63}.Debug|Any CPU.Build.0 = Debug|Any CPU
		{6761F94D-EFCD-49C7-9E8E-ECBCA014FF63}.Release|Any CPU.ActiveCfg = Release|Any CPU
		{6761F94D-EFCD-49C7-9E8E-ECBCA014FF63}.Release|Any CPU.Build.0 = Release|Any CPU
		{6761F94D-EFCD-49C7-9E8E-ECBCA014FF64}.Debug|Any CPU.ActiveCfg = Debug|Any CPU
		{6761F94D-EFCD-49C7-9E8E-ECBCA014FF64}.Debug|Any CPU.Build.0 = Debug|Any CPU
		{6761F94D-EFCD-49C7-9E8E-ECBCA014FF64}.Release|Any CPU.ActiveCfg = Release|Any CPU
		{6761F94D-EFCD-49C7-9E8E-ECBCA014FF64}.Release|Any CPU.Build.0 = Release|Any CPU
	EndGlobalSection
	GlobalSection(SolutionProperties) = preSolution
		HideSolutionNode = FALSE
	EndGlobalSection
EndGlobal
