
Microsoft Visual Studio Solution File, Format Version 11.00
# Visual Studio 2010
Project("{FAE04EC0-301F-11D3-BF4B-00C04F79EFBC}") = "DynamicRest", "DynamicRest\DynamicRest.csproj", "{6761F94D-EFCD-49C7-9E8E-ECBCA014FF63}"
EndProject
Project("{FAE04EC0-301F-11D3-BF4B-00C04F79EFBC}") = "DynamicRestSamples", "DynamicRestSamples\DynamicRestSamples.csproj", "{33D19AA6-FE4E-4345-8B09-73C290BBB2F2}"
EndProject
Global
	GlobalSection(SolutionConfigurationPlatforms) = preSolution
		Debug|Any CPU = Debug|Any CPU
		Debug|Mixed Platforms = Debug|Mixed Platforms
		Debug|x86 = Debug|x86
		Release|Any CPU = Release|Any CPU
		Release|Mixed Platforms = Release|Mixed Platforms
		Release|x86 = Release|x86
	EndGlobalSection
	GlobalSection(ProjectConfigurationPlatforms) = postSolution
		{6761F94D-EFCD-49C7-9E8E-ECBCA014FF63}.Debug|Any CPU.ActiveCfg = Debug|Any CPU
		{6761F94D-EFCD-49C7-9E8E-ECBCA014FF63}.Debug|Any CPU.Build.0 = Debug|Any CPU
		{6761F94D-EFCD-49C7-9E8E-ECBCA014FF63}.Debug|Mixed Platforms.ActiveCfg = Debug|Any CPU
		{6761F94D-EFCD-49C7-9E8E-ECBCA014FF63}.Debug|Mixed Platforms.Build.0 = Debug|Any CPU
		{6761F94D-EFCD-49C7-9E8E-ECBCA014FF63}.Debug|x86.ActiveCfg = Debug|Any CPU
		{6761F94D-EFCD-49C7-9E8E-ECBCA014FF63}.Release|Any CPU.ActiveCfg = Release|Any CPU
		{6761F94D-EFCD-49C7-9E8E-ECBCA014FF63}.Release|Any CPU.Build.0 = Release|Any CPU
		{6761F94D-EFCD-49C7-9E8E-ECBCA014FF63}.Release|Mixed Platforms.ActiveCfg = Release|Any CPU
		{6761F94D-EFCD-49C7-9E8E-ECBCA014FF63}.Release|Mixed Platforms.Build.0 = Release|Any CPU
		{6761F94D-EFCD-49C7-9E8E-ECBCA014FF63}.Release|x86.ActiveCfg = Release|Any CPU
		{33D19AA6-FE4E-4345-8B09-73C290BBB2F2}.Debug|Any CPU.ActiveCfg = Debug|x86
		{33D19AA6-FE4E-4345-8B09-73C290BBB2F2}.Debug|Mixed Platforms.ActiveCfg = Debug|x86
		{33D19AA6-FE4E-4345-8B09-73C290BBB2F2}.Debug|Mixed Platforms.Build.0 = Debug|x86
		{33D19AA6-FE4E-4345-8B09-73C290BBB2F2}.Debug|x86.ActiveCfg = Debug|x86
		{33D19AA6-FE4E-4345-8B09-73C290BBB2F2}.Debug|x86.Build.0 = Debug|x86
		{33D19AA6-FE4E-4345-8B09-73C290BBB2F2}.Release|Any CPU.ActiveCfg = Release|x86
		{33D19AA6-FE4E-4345-8B09-73C290BBB2F2}.Release|Mixed Platforms.ActiveCfg = Release|x86
		{33D19AA6-FE4E-4345-8B09-73C290BBB2F2}.Release|Mixed Platforms.Build.0 = Release|x86
		{33D19AA6-FE4E-4345-8B09-73C290BBB2F2}.Release|x86.ActiveCfg = Release|x86
		{33D19AA6-FE4E-4345-8B09-73C290BBB2F2}.Release|x86.Build.0 = Release|x86
	EndGlobalSection
	GlobalSection(SolutionProperties) = preSolution
		HideSolutionNode = FALSE
	EndGlobalSection
EndGlobal
